
Microsoft Visual Studio Solution File, Format Version 12.00
# Visual Studio Version 16
VisualStudioVersion = 16.0.30804.86
MinimumVisualStudioVersion = 10.0.40219.1
Project("{888888A0-9F3D-457C-B088-3A5042F75D52}") = "python_tonghop", "python_tonghop\python_tonghop.pyproj", "{92F58B12-061E-4685-B4AB-E94AB8D31BDF}"
EndProject
Global
	GlobalSection(SolutionConfigurationPlatforms) = preSolution
		Debug|Any CPU = Debug|Any CPU
		Release|Any CPU = Release|Any CPU
	EndGlobalSection
	GlobalSection(ProjectConfigurationPlatforms) = postSolution
		{92F58B12-061E-4685-B4AB-E94AB8D31BDF}.Debug|Any CPU.ActiveCfg = Debug|Any CPU
		{92F58B12-061E-4685-B4AB-E94AB8D31BDF}.Release|Any CPU.ActiveCfg = Release|Any CPU
	EndGlobalSection
	GlobalSection(SolutionProperties) = preSolution
		HideSolutionNode = FALSE
	EndGlobalSection
	GlobalSection(ExtensibilityGlobals) = postSolution
		SolutionGuid = {D99D4442-ACB9-4AFD-94F4-FB3927A7CA1B}
	EndGlobalSection
EndGlobal
